
Microsoft Visual Studio Solution File, Format Version 12.00
# Visual Studio Version 16
VisualStudioVersion = 16.0.29911.84
MinimumVisualStudioVersion = 10.0.40219.1
Project("{9A19103F-16F7-4668-BE54-9A1E7A4F7556}") = "PasswordEncryption", "PasswordEncryption\PasswordEncryption.csproj", "{7A4EC69B-D026-4EE0-B445-4FDE4C331BAF}"
EndProject
Project("{9A19103F-16F7-4668-BE54-9A1E7A4F7556}") = "Encryption_Decryption", "Encryption_Decryption\Encryption_Decryption.csproj", "{F6402E10-3F48-4A88-8E2B-665CFE6B17FD}"
EndProject
Project("{FAE04EC0-301F-11D3-BF4B-00C04F79EFBC}") = "PasswordCracker", "PasswordCracker\PasswordCracker.csproj", "{812588D4-1354-49CF-80D3-9B4F9641498B}"
EndProject
Global
	GlobalSection(SolutionConfigurationPlatforms) = preSolution
		Debug|Any CPU = Debug|Any CPU
		Release|Any CPU = Release|Any CPU
	EndGlobalSection
	GlobalSection(ProjectConfigurationPlatforms) = postSolution
		{7A4EC69B-D026-4EE0-B445-4FDE4C331BAF}.Debug|Any CPU.ActiveCfg = Debug|Any CPU
		{7A4EC69B-D026-4EE0-B445-4FDE4C331BAF}.Debug|Any CPU.Build.0 = Debug|Any CPU
		{7A4EC69B-D026-4EE0-B445-4FDE4C331BAF}.Release|Any CPU.ActiveCfg = Release|Any CPU
		{7A4EC69B-D026-4EE0-B445-4FDE4C331BAF}.Release|Any CPU.Build.0 = Release|Any CPU
		{F6402E10-3F48-4A88-8E2B-665CFE6B17FD}.Debug|Any CPU.ActiveCfg = Debug|Any CPU
		{F6402E10-3F48-4A88-8E2B-665CFE6B17FD}.Debug|Any CPU.Build.0 = Debug|Any CPU
		{F6402E10-3F48-4A88-8E2B-665CFE6B17FD}.Release|Any CPU.ActiveCfg = Release|Any CPU
		{F6402E10-3F48-4A88-8E2B-665CFE6B17FD}.Release|Any CPU.Build.0 = Release|Any CPU
		{812588D4-1354-49CF-80D3-9B4F9641498B}.Debug|Any CPU.ActiveCfg = Debug|Any CPU
		{812588D4-1354-49CF-80D3-9B4F9641498B}.Debug|Any CPU.Build.0 = Debug|Any CPU
		{812588D4-1354-49CF-80D3-9B4F9641498B}.Release|Any CPU.ActiveCfg = Release|Any CPU
		{812588D4-1354-49CF-80D3-9B4F9641498B}.Release|Any CPU.Build.0 = Release|Any CPU
	EndGlobalSection
	GlobalSection(SolutionProperties) = preSolution
		HideSolutionNode = FALSE
	EndGlobalSection
	GlobalSection(ExtensibilityGlobals) = postSolution
		SolutionGuid = {67CE1CAC-A5D7-44D3-BE79-7124C27ACF92}
	EndGlobalSection
EndGlobal
